
Microsoft Visual Studio Solution File, Format Version 12.00
# Visual Studio Version 16
VisualStudioVersion = 16.0.32428.217
MinimumVisualStudioVersion = 10.0.40219.1
Project("{F184B08F-C81C-45F6-A57F-5ABD9991F28F}") = "Heladeria", "Heladeria\Heladeria.vbproj", "{A90FA032-74DF-47C9-ACD8-1D675A5B5C30}"
EndProject
Global
	GlobalSection(SolutionConfigurationPlatforms) = preSolution
		Debug|Any CPU = Debug|Any CPU
		Release|Any CPU = Release|Any CPU
	EndGlobalSection
	GlobalSection(ProjectConfigurationPlatforms) = postSolution
		{A90FA032-74DF-47C9-ACD8-1D675A5B5C30}.Debug|Any CPU.ActiveCfg = Debug|Any CPU
		{A90FA032-74DF-47C9-ACD8-1D675A5B5C30}.Debug|Any CPU.Build.0 = Debug|Any CPU
		{A90FA032-74DF-47C9-ACD8-1D675A5B5C30}.Release|Any CPU.ActiveCfg = Release|Any CPU
		{A90FA032-74DF-47C9-ACD8-1D675A5B5C30}.Release|Any CPU.Build.0 = Release|Any CPU
	EndGlobalSection
	GlobalSection(SolutionProperties) = preSolution
		HideSolutionNode = FALSE
	EndGlobalSection
	GlobalSection(ExtensibilityGlobals) = postSolution
		SolutionGuid = {B4254240-232B-41E6-9551-A989B36FB09B}
	EndGlobalSection
EndGlobal
